{
  "originHash" : "0367ecf9b5bd6762fec6b510f0ee2f88de4f1e2d55c678265393f23547171a61",
  "pins" : [
    {
      "identity" : "kuzu-swift",
      "kind" : "remoteSourceControl",
      "location" : "https://github.com/kuzudb/kuzu-swift.git",
      "state" : {
        "revision" : "1652aafc7a0b207874a5b9bc3e931d5f3f77e44b",
        "version" : "0.11.1"
      }
    },
    {
      "identity" : "swift-syntax",
      "kind" : "remoteSourceControl",
      "location" : "https://github.com/swiftlang/swift-syntax.git",
      "state" : {
        "revision" : "0687f71944021d616d34d922343dcef086855920",
        "version" : "600.0.1"
      }
    }
  ],
  "version" : 3
}
